
Microsoft Visual Studio Solution File, Format Version 12.00
# Visual Studio Version 16
VisualStudioVersion = 16.0.29613.14
MinimumVisualStudioVersion = 10.0.40219.1
Project("{FAE04EC0-301F-11D3-BF4B-00C04F79EFBC}") = "RevertedModel", "RevertedModel\RevertedModel.csproj", "{2A11632A-FF82-4D27-843E-E7A93313C27B}"
EndProject
Global
	GlobalSection(SolutionConfigurationPlatforms) = preSolution
		Debug|Any CPU = Debug|Any CPU
		Release|Any CPU = Release|Any CPU
	EndGlobalSection
	GlobalSection(ProjectConfigurationPlatforms) = postSolution
		{2A11632A-FF82-4D27-843E-E7A93313C27B}.Debug|Any CPU.ActiveCfg = Debug|Any CPU
		{2A11632A-FF82-4D27-843E-E7A93313C27B}.Debug|Any CPU.Build.0 = Debug|Any CPU
		{2A11632A-FF82-4D27-843E-E7A93313C27B}.Release|Any CPU.ActiveCfg = Release|Any CPU
		{2A11632A-FF82-4D27-843E-E7A93313C27B}.Release|Any CPU.Build.0 = Release|Any CPU
	EndGlobalSection
	GlobalSection(SolutionProperties) = preSolution
		HideSolutionNode = FALSE
	EndGlobalSection
	GlobalSection(ExtensibilityGlobals) = postSolution
		SolutionGuid = {85FCECB7-5406-4821-8027-900CF03A32F7}
	EndGlobalSection
EndGlobal
